
Microsoft Visual Studio Solution File, Format Version 12.00
# Visual Studio Version 17
VisualStudioVersion = 17.11.35303.130
MinimumVisualStudioVersion = 10.0.40219.1
Project("{FAE04EC0-301F-11D3-BF4B-00C04F79EFBC}") = "ConstantDateTimeFormatInStringInterpolation", "ConstantDateTimeFormatInStringInterpolation\ConstantDateTimeFormatInStringInterpolation.csproj", "{D3898FEB-2F21-4A85-88D9-9D2DBBAAB9A3}"
EndProject
Global
	GlobalSection(SolutionConfigurationPlatforms) = preSolution
		Debug|Any CPU = Debug|Any CPU
		Release|Any CPU = Release|Any CPU
	EndGlobalSection
	GlobalSection(ProjectConfigurationPlatforms) = postSolution
		{D3898FEB-2F21-4A85-88D9-9D2DBBAAB9A3}.Debug|Any CPU.ActiveCfg = Debug|Any CPU
		{D3898FEB-2F21-4A85-88D9-9D2DBBAAB9A3}.Debug|Any CPU.Build.0 = Debug|Any CPU
		{D3898FEB-2F21-4A85-88D9-9D2DBBAAB9A3}.Release|Any CPU.ActiveCfg = Release|Any CPU
		{D3898FEB-2F21-4A85-88D9-9D2DBBAAB9A3}.Release|Any CPU.Build.0 = Release|Any CPU
	EndGlobalSection
	GlobalSection(SolutionProperties) = preSolution
		HideSolutionNode = FALSE
	EndGlobalSection
	GlobalSection(ExtensibilityGlobals) = postSolution
		SolutionGuid = {E523ED32-0861-4055-A72A-770CFC128F66}
	EndGlobalSection
EndGlobal
