
Microsoft Visual Studio Solution File, Format Version 12.00
# Visual Studio Version 17
VisualStudioVersion = 17.7.34202.233
MinimumVisualStudioVersion = 10.0.40219.1
Project("{FAE04EC0-301F-11D3-BF4B-00C04F79EFBC}") = "TimeAbstractionTimers_Tests", "TimeAbstractionTimers_Tests\TimeAbstractionTimers_Tests.csproj", "{55BD2B95-4002-44C7-80EB-C90A9A39278D}"
EndProject
Project("{9A19103F-16F7-4668-BE54-9A1E7A4F7556}") = "TimeAbstractionTimers", "TimeAbstractionTimers\TimeAbstractionTimers.csproj", "{8E2D8240-336B-4560-AACE-473589F35F6A}"
EndProject
Global
	GlobalSection(SolutionConfigurationPlatforms) = preSolution
		Debug|Any CPU = Debug|Any CPU
		Release|Any CPU = Release|Any CPU
	EndGlobalSection
	GlobalSection(ProjectConfigurationPlatforms) = postSolution
		{55BD2B95-4002-44C7-80EB-C90A9A39278D}.Debug|Any CPU.ActiveCfg = Debug|Any CPU
		{55BD2B95-4002-44C7-80EB-C90A9A39278D}.Debug|Any CPU.Build.0 = Debug|Any CPU
		{55BD2B95-4002-44C7-80EB-C90A9A39278D}.Release|Any CPU.ActiveCfg = Release|Any CPU
		{55BD2B95-4002-44C7-80EB-C90A9A39278D}.Release|Any CPU.Build.0 = Release|Any CPU
		{8E2D8240-336B-4560-AACE-473589F35F6A}.Debug|Any CPU.ActiveCfg = Debug|Any CPU
		{8E2D8240-336B-4560-AACE-473589F35F6A}.Debug|Any CPU.Build.0 = Debug|Any CPU
		{8E2D8240-336B-4560-AACE-473589F35F6A}.Release|Any CPU.ActiveCfg = Release|Any CPU
		{8E2D8240-336B-4560-AACE-473589F35F6A}.Release|Any CPU.Build.0 = Release|Any CPU
	EndGlobalSection
	GlobalSection(SolutionProperties) = preSolution
		HideSolutionNode = FALSE
	EndGlobalSection
	GlobalSection(ExtensibilityGlobals) = postSolution
		SolutionGuid = {8C5EE1B5-4C13-41CF-B2AA-27E3531FE695}
	EndGlobalSection
EndGlobal
